
Microsoft Visual Studio Solution File, Format Version 12.00
# Visual Studio Version 17
VisualStudioVersion = 17.3.32825.248
MinimumVisualStudioVersion = 10.0.40219.1
Project("{9A19103F-16F7-4668-BE54-9A1E7A4F7556}") = "CourseWork.Models", "src\CourseWork.Models\CourseWork.Models.csproj", "{56EAB7ED-0886-4C14-A470-D0BB2883D906}"
EndProject
Project("{9A19103F-16F7-4668-BE54-9A1E7A4F7556}") = "CourseWork.DistributionAPI", "src\CourseWork.DistributionAPI\CourseWork.DistributionAPI.csproj", "{9FE50E5A-86E4-4645-8837-25954F213DF3}"
EndProject
Project("{9A19103F-16F7-4668-BE54-9A1E7A4F7556}") = "CourseWork.Web", "src\CourseWork.Web\CourseWork.Web.csproj", "{90A2547B-2023-434A-B3BD-C648D37BF070}"
EndProject
Project("{FAE04EC0-301F-11D3-BF4B-00C04F79EFBC}") = "CourseWork.UnitTests", "test\CourseWork.UnitTests\CourseWork.UnitTests.csproj", "{229D40D8-5AAD-4E38-B059-8B10B45903C5}"
EndProject
Project("{2150E333-8FDC-42A3-9474-1A3956D46DE8}") = "Solution Items", "Solution Items", "{871EB670-44E1-4E17-817A-82D1031D8171}"
	ProjectSection(SolutionItems) = preProject
		.editorconfig = .editorconfig
	EndProjectSection
EndProject
Project("{9A19103F-16F7-4668-BE54-9A1E7A4F7556}") = "ConsoleApp1", "src\ConsoleApp1\ConsoleApp1.csproj", "{B7501389-CB5B-448D-A023-5EA8A2E26F00}"
EndProject
Project("{9A19103F-16F7-4668-BE54-9A1E7A4F7556}") = "CourseWork.ComputingAPI", "src\CourseWork.ComputingAPI\CourseWork.ComputingAPI.csproj", "{93A85E1D-EB4C-45F6-B33A-29E35CA47BCB}"
EndProject
Global
	GlobalSection(SolutionConfigurationPlatforms) = preSolution
		Debug|Any CPU = Debug|Any CPU
		Debug|x64 = Debug|x64
		Debug|x86 = Debug|x86
		Release|Any CPU = Release|Any CPU
		Release|x64 = Release|x64
		Release|x86 = Release|x86
	EndGlobalSection
	GlobalSection(ProjectConfigurationPlatforms) = postSolution
		{56EAB7ED-0886-4C14-A470-D0BB2883D906}.Debug|Any CPU.ActiveCfg = Debug|Any CPU
		{56EAB7ED-0886-4C14-A470-D0BB2883D906}.Debug|Any CPU.Build.0 = Debug|Any CPU
		{56EAB7ED-0886-4C14-A470-D0BB2883D906}.Debug|x64.ActiveCfg = Debug|Any CPU
		{56EAB7ED-0886-4C14-A470-D0BB2883D906}.Debug|x64.Build.0 = Debug|Any CPU
		{56EAB7ED-0886-4C14-A470-D0BB2883D906}.Debug|x86.ActiveCfg = Debug|Any CPU
		{56EAB7ED-0886-4C14-A470-D0BB2883D906}.Debug|x86.Build.0 = Debug|Any CPU
		{56EAB7ED-0886-4C14-A470-D0BB2883D906}.Release|Any CPU.ActiveCfg = Release|Any CPU
		{56EAB7ED-0886-4C14-A470-D0BB2883D906}.Release|Any CPU.Build.0 = Release|Any CPU
		{56EAB7ED-0886-4C14-A470-D0BB2883D906}.Release|x64.ActiveCfg = Release|Any CPU
		{56EAB7ED-0886-4C14-A470-D0BB2883D906}.Release|x64.Build.0 = Release|Any CPU
		{56EAB7ED-0886-4C14-A470-D0BB2883D906}.Release|x86.ActiveCfg = Release|Any CPU
		{56EAB7ED-0886-4C14-A470-D0BB2883D906}.Release|x86.Build.0 = Release|Any CPU
		{9FE50E5A-86E4-4645-8837-25954F213DF3}.Debug|Any CPU.ActiveCfg = Debug|Any CPU
		{9FE50E5A-86E4-4645-8837-25954F213DF3}.Debug|Any CPU.Build.0 = Debug|Any CPU
		{9FE50E5A-86E4-4645-8837-25954F213DF3}.Debug|x64.ActiveCfg = Debug|Any CPU
		{9FE50E5A-86E4-4645-8837-25954F213DF3}.Debug|x64.Build.0 = Debug|Any CPU
		{9FE50E5A-86E4-4645-8837-25954F213DF3}.Debug|x86.ActiveCfg = Debug|Any CPU
		{9FE50E5A-86E4-4645-8837-25954F213DF3}.Debug|x86.Build.0 = Debug|Any CPU
		{9FE50E5A-86E4-4645-8837-25954F213DF3}.Release|Any CPU.ActiveCfg = Release|Any CPU
		{9FE50E5A-86E4-4645-8837-25954F213DF3}.Release|Any CPU.Build.0 = Release|Any CPU
		{9FE50E5A-86E4-4645-8837-25954F213DF3}.Release|x64.ActiveCfg = Release|Any CPU
		{9FE50E5A-86E4-4645-8837-25954F213DF3}.Release|x64.Build.0 = Release|Any CPU
		{9FE50E5A-86E4-4645-8837-25954F213DF3}.Release|x86.ActiveCfg = Release|Any CPU
		{9FE50E5A-86E4-4645-8837-25954F213DF3}.Release|x86.Build.0 = Release|Any CPU
		{90A2547B-2023-434A-B3BD-C648D37BF070}.Debug|Any CPU.ActiveCfg = Debug|Any CPU
		{90A2547B-2023-434A-B3BD-C648D37BF070}.Debug|Any CPU.Build.0 = Debug|Any CPU
		{90A2547B-2023-434A-B3BD-C648D37BF070}.Debug|x64.ActiveCfg = Debug|Any CPU
		{90A2547B-2023-434A-B3BD-C648D37BF070}.Debug|x64.Build.0 = Debug|Any CPU
		{90A2547B-2023-434A-B3BD-C648D37BF070}.Debug|x86.ActiveCfg = Debug|Any CPU
		{90A2547B-2023-434A-B3BD-C648D37BF070}.Debug|x86.Build.0 = Debug|Any CPU
		{90A2547B-2023-434A-B3BD-C648D37BF070}.Release|Any CPU.ActiveCfg = Release|Any CPU
		{90A2547B-2023-434A-B3BD-C648D37BF070}.Release|Any CPU.Build.0 = Release|Any CPU
		{90A2547B-2023-434A-B3BD-C648D37BF070}.Release|x64.ActiveCfg = Release|Any CPU
		{90A2547B-2023-434A-B3BD-C648D37BF070}.Release|x64.Build.0 = Release|Any CPU
		{90A2547B-2023-434A-B3BD-C648D37BF070}.Release|x86.ActiveCfg = Release|Any CPU
		{90A2547B-2023-434A-B3BD-C648D37BF070}.Release|x86.Build.0 = Release|Any CPU
		{229D40D8-5AAD-4E38-B059-8B10B45903C5}.Debug|Any CPU.ActiveCfg = Debug|Any CPU
		{229D40D8-5AAD-4E38-B059-8B10B45903C5}.Debug|Any CPU.Build.0 = Debug|Any CPU
		{229D40D8-5AAD-4E38-B059-8B10B45903C5}.Debug|x64.ActiveCfg = Debug|Any CPU
		{229D40D8-5AAD-4E38-B059-8B10B45903C5}.Debug|x86.ActiveCfg = Debug|Any CPU
		{229D40D8-5AAD-4E38-B059-8B10B45903C5}.Release|Any CPU.ActiveCfg = Release|Any CPU
		{229D40D8-5AAD-4E38-B059-8B10B45903C5}.Release|Any CPU.Build.0 = Release|Any CPU
		{229D40D8-5AAD-4E38-B059-8B10B45903C5}.Release|x64.ActiveCfg = Release|Any CPU
		{229D40D8-5AAD-4E38-B059-8B10B45903C5}.Release|x86.ActiveCfg = Release|Any CPU
		{B7501389-CB5B-448D-A023-5EA8A2E26F00}.Debug|Any CPU.ActiveCfg = Debug|Any CPU
		{B7501389-CB5B-448D-A023-5EA8A2E26F00}.Debug|Any CPU.Build.0 = Debug|Any CPU
		{B7501389-CB5B-448D-A023-5EA8A2E26F00}.Debug|x64.ActiveCfg = Debug|Any CPU
		{B7501389-CB5B-448D-A023-5EA8A2E26F00}.Debug|x64.Build.0 = Debug|Any CPU
		{B7501389-CB5B-448D-A023-5EA8A2E26F00}.Debug|x86.ActiveCfg = Debug|Any CPU
		{B7501389-CB5B-448D-A023-5EA8A2E26F00}.Debug|x86.Build.0 = Debug|Any CPU
		{B7501389-CB5B-448D-A023-5EA8A2E26F00}.Release|Any CPU.ActiveCfg = Release|Any CPU
		{B7501389-CB5B-448D-A023-5EA8A2E26F00}.Release|Any CPU.Build.0 = Release|Any CPU
		{B7501389-CB5B-448D-A023-5EA8A2E26F00}.Release|x64.ActiveCfg = Release|Any CPU
		{B7501389-CB5B-448D-A023-5EA8A2E26F00}.Release|x64.Build.0 = Release|Any CPU
		{B7501389-CB5B-448D-A023-5EA8A2E26F00}.Release|x86.ActiveCfg = Release|Any CPU
		{B7501389-CB5B-448D-A023-5EA8A2E26F00}.Release|x86.Build.0 = Release|Any CPU
		{93A85E1D-EB4C-45F6-B33A-29E35CA47BCB}.Debug|Any CPU.ActiveCfg = Debug|Any CPU
		{93A85E1D-EB4C-45F6-B33A-29E35CA47BCB}.Debug|Any CPU.Build.0 = Debug|Any CPU
		{93A85E1D-EB4C-45F6-B33A-29E35CA47BCB}.Debug|x64.ActiveCfg = Debug|Any CPU
		{93A85E1D-EB4C-45F6-B33A-29E35CA47BCB}.Debug|x64.Build.0 = Debug|Any CPU
		{93A85E1D-EB4C-45F6-B33A-29E35CA47BCB}.Debug|x86.ActiveCfg = Debug|Any CPU
		{93A85E1D-EB4C-45F6-B33A-29E35CA47BCB}.Debug|x86.Build.0 = Debug|Any CPU
		{93A85E1D-EB4C-45F6-B33A-29E35CA47BCB}.Release|Any CPU.ActiveCfg = Release|Any CPU
		{93A85E1D-EB4C-45F6-B33A-29E35CA47BCB}.Release|Any CPU.Build.0 = Release|Any CPU
		{93A85E1D-EB4C-45F6-B33A-29E35CA47BCB}.Release|x64.ActiveCfg = Release|Any CPU
		{93A85E1D-EB4C-45F6-B33A-29E35CA47BCB}.Release|x64.Build.0 = Release|Any CPU
		{93A85E1D-EB4C-45F6-B33A-29E35CA47BCB}.Release|x86.ActiveCfg = Release|Any CPU
		{93A85E1D-EB4C-45F6-B33A-29E35CA47BCB}.Release|x86.Build.0 = Release|Any CPU
	EndGlobalSection
	GlobalSection(SolutionProperties) = preSolution
		HideSolutionNode = FALSE
	EndGlobalSection
	GlobalSection(ExtensibilityGlobals) = postSolution
		SolutionGuid = {FD2EE2ED-C1F0-44CE-B382-672C91B0F1F0}
	EndGlobalSection
EndGlobal
