
Microsoft Visual Studio Solution File, Format Version 12.00
# Visual Studio Version 17
VisualStudioVersion = 17.3.32825.248
MinimumVisualStudioVersion = 10.0.40219.1
Project("{9A19103F-16F7-4668-BE54-9A1E7A4F7556}") = "CourseWork.Models", "src\CourseWork.Models\CourseWork.Models.csproj", "{56EAB7ED-0886-4C14-A470-D0BB2883D906}"
EndProject
Project("{9A19103F-16F7-4668-BE54-9A1E7A4F7556}") = "CourseWork.DistributionAPI", "src\CourseWork.DistributionAPI\CourseWork.DistributionAPI.csproj", "{9FE50E5A-86E4-4645-8837-25954F213DF3}"
EndProject
Global
	GlobalSection(SolutionConfigurationPlatforms) = preSolution
		Debug|Any CPU = Debug|Any CPU
		Release|Any CPU = Release|Any CPU
	EndGlobalSection
	GlobalSection(ProjectConfigurationPlatforms) = postSolution
		{56EAB7ED-0886-4C14-A470-D0BB2883D906}.Debug|Any CPU.ActiveCfg = Debug|Any CPU
		{56EAB7ED-0886-4C14-A470-D0BB2883D906}.Debug|Any CPU.Build.0 = Debug|Any CPU
		{56EAB7ED-0886-4C14-A470-D0BB2883D906}.Release|Any CPU.ActiveCfg = Release|Any CPU
		{56EAB7ED-0886-4C14-A470-D0BB2883D906}.Release|Any CPU.Build.0 = Release|Any CPU
		{9FE50E5A-86E4-4645-8837-25954F213DF3}.Debug|Any CPU.ActiveCfg = Debug|Any CPU
		{9FE50E5A-86E4-4645-8837-25954F213DF3}.Debug|Any CPU.Build.0 = Debug|Any CPU
		{9FE50E5A-86E4-4645-8837-25954F213DF3}.Release|Any CPU.ActiveCfg = Release|Any CPU
		{9FE50E5A-86E4-4645-8837-25954F213DF3}.Release|Any CPU.Build.0 = Release|Any CPU
	EndGlobalSection
	GlobalSection(SolutionProperties) = preSolution
		HideSolutionNode = FALSE
	EndGlobalSection
	GlobalSection(ExtensibilityGlobals) = postSolution
		SolutionGuid = {FD2EE2ED-C1F0-44CE-B382-672C91B0F1F0}
	EndGlobalSection
EndGlobal
